
Microsoft Visual Studio Solution File, Format Version 12.00
# Visual Studio Version 16
VisualStudioVersion = 16.0.32510.428
MinimumVisualStudioVersion = 10.0.40219.1
Project("{FAE04EC0-301F-11D3-BF4B-00C04F79EFBC}") = "Greenaid IDE Indigo", "Greenaid IDE Indigo\Greenaid IDE Indigo.csproj", "{95226BE1-3AB0-45A2-9880-B0C5E9F50939}"
EndProject
Global
	GlobalSection(SolutionConfigurationPlatforms) = preSolution
		Debug|Any CPU = Debug|Any CPU
		Release|Any CPU = Release|Any CPU
	EndGlobalSection
	GlobalSection(ProjectConfigurationPlatforms) = postSolution
		{95226BE1-3AB0-45A2-9880-B0C5E9F50939}.Debug|Any CPU.ActiveCfg = Debug|Any CPU
		{95226BE1-3AB0-45A2-9880-B0C5E9F50939}.Debug|Any CPU.Build.0 = Debug|Any CPU
		{95226BE1-3AB0-45A2-9880-B0C5E9F50939}.Release|Any CPU.ActiveCfg = Release|Any CPU
		{95226BE1-3AB0-45A2-9880-B0C5E9F50939}.Release|Any CPU.Build.0 = Release|Any CPU
	EndGlobalSection
	GlobalSection(SolutionProperties) = preSolution
		HideSolutionNode = FALSE
	EndGlobalSection
	GlobalSection(ExtensibilityGlobals) = postSolution
		SolutionGuid = {F3DF81DB-3A86-450F-B609-D04627F0AFF7}
	EndGlobalSection
EndGlobal
